
Microsoft Visual Studio Solution File, Format Version 12.00
# Visual Studio 15
VisualStudioVersion = 15.0.27130.2010
MinimumVisualStudioVersion = 10.0.40219.1
Project("{FAE04EC0-301F-11D3-BF4B-00C04F79EFBC}") = "Client", "Client\Client.csproj", "{D39DA1CF-BED3-4ECA-BB99-5C0EF897208E}"
EndProject
Project("{FAE04EC0-301F-11D3-BF4B-00C04F79EFBC}") = "Server", "Server\Server.csproj", "{DDE4BE5A-F6DE-4665-BC69-520F63789A75}"
EndProject
Project("{FAE04EC0-301F-11D3-BF4B-00C04F79EFBC}") = "Commons", "Commons\Commons.csproj", "{BD85CE81-721E-4857-8D92-12AC8DB8FD45}"
EndProject
Global
	GlobalSection(SolutionConfigurationPlatforms) = preSolution
		Debug|Any CPU = Debug|Any CPU
		Release|Any CPU = Release|Any CPU
	EndGlobalSection
	GlobalSection(ProjectConfigurationPlatforms) = postSolution
		{D39DA1CF-BED3-4ECA-BB99-5C0EF897208E}.Debug|Any CPU.ActiveCfg = Debug|Any CPU
		{D39DA1CF-BED3-4ECA-BB99-5C0EF897208E}.Debug|Any CPU.Build.0 = Debug|Any CPU
		{D39DA1CF-BED3-4ECA-BB99-5C0EF897208E}.Release|Any CPU.ActiveCfg = Release|Any CPU
		{D39DA1CF-BED3-4ECA-BB99-5C0EF897208E}.Release|Any CPU.Build.0 = Release|Any CPU
		{DDE4BE5A-F6DE-4665-BC69-520F63789A75}.Debug|Any CPU.ActiveCfg = Debug|Any CPU
		{DDE4BE5A-F6DE-4665-BC69-520F63789A75}.Debug|Any CPU.Build.0 = Debug|Any CPU
		{DDE4BE5A-F6DE-4665-BC69-520F63789A75}.Release|Any CPU.ActiveCfg = Release|Any CPU
		{DDE4BE5A-F6DE-4665-BC69-520F63789A75}.Release|Any CPU.Build.0 = Release|Any CPU
		{BD85CE81-721E-4857-8D92-12AC8DB8FD45}.Debug|Any CPU.ActiveCfg = Debug|Any CPU
		{BD85CE81-721E-4857-8D92-12AC8DB8FD45}.Debug|Any CPU.Build.0 = Debug|Any CPU
		{BD85CE81-721E-4857-8D92-12AC8DB8FD45}.Release|Any CPU.ActiveCfg = Release|Any CPU
		{BD85CE81-721E-4857-8D92-12AC8DB8FD45}.Release|Any CPU.Build.0 = Release|Any CPU
	EndGlobalSection
	GlobalSection(SolutionProperties) = preSolution
		HideSolutionNode = FALSE
	EndGlobalSection
	GlobalSection(ExtensibilityGlobals) = postSolution
		SolutionGuid = {0C9706AC-19D3-4C05-8A59-F816E4C1A78C}
	EndGlobalSection
EndGlobal
